// !$*UTF8*$!
{
	archiveVersion = 1;
	classes = {
	};
	objectVersion = 46;
	objects = {

/* Begin PBXBuildFile section */
		384C971A1882C45900361475 /* Foundation.framework in Frameworks */ = {isa = PBXBuildFile; fileRef = 384C97191882C45900361475 /* Foundation.framework */; };
		384C971C1882C45900361475 /* CoreGraphics.framework in Frameworks */ = {isa = PBXBuildFile; fileRef = 384C971B1882C45900361475 /* CoreGraphics.framework */; };
		384C971E1882C45900361475 /* UIKit.framework in Frameworks */ = {isa = PBXBuildFile; fileRef = 384C971D1882C45900361475 /* UIKit.framework */; };
		384C97241882C45900361475 /* InfoPlist.strings in Resources */ = {isa = PBXBuildFile; fileRef = 384C97221882C45900361475 /* InfoPlist.strings */; };
		384C97261882C45900361475 /* main.m in Sources */ = {isa = PBXBuildFile; fileRef = 384C97251882C45900361475 /* main.m */; };
		384C972A1882C45900361475 /* GrdAppDelegate.m in Sources */ = {isa = PBXBuildFile; fileRef = 384C97291882C45900361475 /* GrdAppDelegate.m */; };
		384C972C1882C45900361475 /* Images.xcassets in Resources */ = {isa = PBXBuildFile; fileRef = 384C972B1882C45900361475 /* Images.xcassets */; };
		384C97331882C45900361475 /* XCTest.framework in Frameworks */ = {isa = PBXBuildFile; fileRef = 384C97321882C45900361475 /* XCTest.framework */; };
		384C97341882C45900361475 /* Foundation.framework in Frameworks */ = {isa = PBXBuildFile; fileRef = 384C97191882C45900361475 /* Foundation.framework */; };
		384C97351882C45900361475 /* UIKit.framework in Frameworks */ = {isa = PBXBuildFile; fileRef = 384C971D1882C45900361475 /* UIKit.framework */; };
		384C973D1882C45900361475 /* InfoPlist.strings in Resources */ = {isa = PBXBuildFile; fileRef = 384C973B1882C45900361475 /* InfoPlist.strings */; };
		384C973F1882C45900361475 /* ToDoList4Tests.m in Sources */ = {isa = PBXBuildFile; fileRef = 384C973E1882C45900361475 /* ToDoList4Tests.m */; };
		384C97491882C4E900361475 /* Main.storyboard in Resources */ = {isa = PBXBuildFile; fileRef = 384C97481882C4E900361475 /* Main.storyboard */; };
		384C974F1882CAA700361475 /* GrdMyToDoListViewController.m in Sources */ = {isa = PBXBuildFile; fileRef = 384C974E1882CAA700361475 /* GrdMyToDoListViewController.m */; };
		384C97521882CD2D00361475 /* GrdAddToDoItemViewController.m in Sources */ = {isa = PBXBuildFile; fileRef = 384C97511882CD2D00361475 /* GrdAddToDoItemViewController.m */; };
		384C97551882CFF700361475 /* GrdToDoItem.m in Sources */ = {isa = PBXBuildFile; fileRef = 384C97541882CFF700361475 /* GrdToDoItem.m */; };
/* End PBXBuildFile section */

/* Begin PBXContainerItemProxy section */
		384C97361882C45900361475 /* PBXContainerItemProxy */ = {
			isa = PBXContainerItemProxy;
			containerPortal = 384C970E1882C45900361475 /* Project object */;
			proxyType = 1;
			remoteGlobalIDString = 384C97151882C45900361475;
			remoteInfo = ToDoList4;
		};
/* End PBXContainerItemProxy section */

/* Begin PBXFileReference section */
		384C97161882C45900361475 /* ToDoList4.app */ = {isa = PBXFileReference; explicitFileType = wrapper.application; includeInIndex = 0; path = ToDoList4.app; sourceTree = BUILT_PRODUCTS_DIR; };
		384C97191882C45900361475 /* Foundation.framework */ = {isa = PBXFileReference; lastKnownFileType = wrapper.framework; name = Foundation.framework; path = System/Library/Frameworks/Foundation.framework; sourceTree = SDKROOT; };
		384C971B1882C45900361475 /* CoreGraphics.framework */ = {isa = PBXFileReference; lastKnownFileType = wrapper.framework; name = CoreGraphics.framework; path = System/Library/Frameworks/CoreGraphics.framework; sourceTree = SDKROOT; };
		384C971D1882C45900361475 /* UIKit.framework */ = {isa = PBXFileReference; lastKnownFileType = wrapper.framework; name = UIKit.framework; path = System/Library/Frameworks/UIKit.framework; sourceTree = SDKROOT; };
		384C97211882C45900361475 /* ToDoList4-Info.plist */ = {isa = PBXFileReference; lastKnownFileType = text.plist.xml; path = "ToDoList4-Info.plist"; sourceTree = "<group>"; };
		384C97231882C45900361475 /* en */ = {isa = PBXFileReference; lastKnownFileType = text.plist.strings; name = en; path = en.lproj/InfoPlist.strings; sourceTree = "<group>"; };
		384C97251882C45900361475 /* main.m */ = {isa = PBXFileReference; lastKnownFileType = sourcecode.c.objc; path = main.m; sourceTree = "<group>"; };
		384C97271882C45900361475 /* ToDoList4-Prefix.pch */ = {isa = PBXFileReference; lastKnownFileType = sourcecode.c.h; path = "ToDoList4-Prefix.pch"; sourceTree = "<group>"; };
		384C97281882C45900361475 /* GrdAppDelegate.h */ = {isa = PBXFileReference; lastKnownFileType = sourcecode.c.h; path = GrdAppDelegate.h; sourceTree = "<group>"; };
		384C97291882C45900361475 /* GrdAppDelegate.m */ = {isa = PBXFileReference; lastKnownFileType = sourcecode.c.objc; path = GrdAppDelegate.m; sourceTree = "<group>"; };
		384C972B1882C45900361475 /* Images.xcassets */ = {isa = PBXFileReference; lastKnownFileType = folder.assetcatalog; path = Images.xcassets; sourceTree = "<group>"; };
		384C97311882C45900361475 /* ToDoList4Tests.xctest */ = {isa = PBXFileReference; explicitFileType = wrapper.cfbundle; includeInIndex = 0; path = ToDoList4Tests.xctest; sourceTree = BUILT_PRODUCTS_DIR; };
		384C97321882C45900361475 /* XCTest.framework */ = {isa = PBXFileReference; lastKnownFileType = wrapper.framework; name = XCTest.framework; path = Library/Frameworks/XCTest.framework; sourceTree = DEVELOPER_DIR; };
		384C973A1882C45900361475 /* ToDoList4Tests-Info.plist */ = {isa = PBXFileReference; lastKnownFileType = text.plist.xml; path = "ToDoList4Tests-Info.plist"; sourceTree = "<group>"; };
		384C973C1882C45900361475 /* en */ = {isa = PBXFileReference; lastKnownFileType = text.plist.strings; name = en; path = en.lproj/InfoPlist.strings; sourceTree = "<group>"; };
		384C973E1882C45900361475 /* ToDoList4Tests.m */ = {isa = PBXFileReference; lastKnownFileType = sourcecode.c.objc; path = ToDoList4Tests.m; sourceTree = "<group>"; };
		384C97481882C4E900361475 /* Main.storyboard */ = {isa = PBXFileReference; fileEncoding = 4; lastKnownFileType = file.storyboard; path = Main.storyboard; sourceTree = "<group>"; };
		384C974D1882CAA700361475 /* GrdMyToDoListViewController.h */ = {isa = PBXFileReference; fileEncoding = 4; lastKnownFileType = sourcecode.c.h; path = GrdMyToDoListViewController.h; sourceTree = "<group>"; };
		384C974E1882CAA700361475 /* GrdMyToDoListViewController.m */ = {isa = PBXFileReference; fileEncoding = 4; lastKnownFileType = sourcecode.c.objc; path = GrdMyToDoListViewController.m; sourceTree = "<group>"; };
		384C97501882CD2D00361475 /* GrdAddToDoItemViewController.h */ = {isa = PBXFileReference; fileEncoding = 4; lastKnownFileType = sourcecode.c.h; path = GrdAddToDoItemViewController.h; sourceTree = "<group>"; };
		384C97511882CD2D00361475 /* GrdAddToDoItemViewController.m */ = {isa = PBXFileReference; fileEncoding = 4; lastKnownFileType = sourcecode.c.objc; path = GrdAddToDoItemViewController.m; sourceTree = "<group>"; };
		384C97531882CFF700361475 /* GrdToDoItem.h */ = {isa = PBXFileReference; fileEncoding = 4; lastKnownFileType = sourcecode.c.h; path = GrdToDoItem.h; sourceTree = "<group>"; };
		384C97541882CFF700361475 /* GrdToDoItem.m */ = {isa = PBXFileReference; fileEncoding = 4; lastKnownFileType = sourcecode.c.objc; path = GrdToDoItem.m; sourceTree = "<group>"; };
/* End PBXFileReference section */

/* Begin PBXFrameworksBuildPhase section */
		384C97131882C45900361475 /* Frameworks */ = {
			isa = PBXFrameworksBuildPhase;
			buildActionMask = 2147483647;
			files = (
				384C971C1882C45900361475 /* CoreGraphics.framework in Frameworks */,
				384C971E1882C45900361475 /* UIKit.framework in Frameworks */,
				384C971A1882C45900361475 /* Foundation.framework in Frameworks */,
			);
			runOnlyForDeploymentPostprocessing = 0;
		};
		384C972E1882C45900361475 /* Frameworks */ = {
			isa = PBXFrameworksBuildPhase;
			buildActionMask = 2147483647;
			files = (
				384C97331882C45900361475 /* XCTest.framework in Frameworks */,
				384C97351882C45900361475 /* UIKit.framework in Frameworks */,
				384C97341882C45900361475 /* Foundation.framework in Frameworks */,
			);
			runOnlyForDeploymentPostprocessing = 0;
		};
/* End PBXFrameworksBuildPhase section */

/* Begin PBXGroup section */
		384C970D1882C45900361475 = {
			isa = PBXGroup;
			children = (
				384C974D1882CAA700361475 /* GrdMyToDoListViewController.h */,
				384C97531882CFF700361475 /* GrdToDoItem.h */,
				384C97541882CFF700361475 /* GrdToDoItem.m */,
				384C974E1882CAA700361475 /* GrdMyToDoListViewController.m */,
				384C97481882C4E900361475 /* Main.storyboard */,
				384C97501882CD2D00361475 /* GrdAddToDoItemViewController.h */,
				384C97511882CD2D00361475 /* GrdAddToDoItemViewController.m */,
				384C971F1882C45900361475 /* ToDoList4 */,
				384C97381882C45900361475 /* ToDoList4Tests */,
				384C97181882C45900361475 /* Frameworks */,
				384C97171882C45900361475 /* Products */,
			);
			sourceTree = "<group>";
		};
		384C97171882C45900361475 /* Products */ = {
			isa = PBXGroup;
			children = (
				384C97161882C45900361475 /* ToDoList4.app */,
				384C97311882C45900361475 /* ToDoList4Tests.xctest */,
			);
			name = Products;
			sourceTree = "<group>";
		};
		384C97181882C45900361475 /* Frameworks */ = {
			isa = PBXGroup;
			children = (
				384C97191882C45900361475 /* Foundation.framework */,
				384C971B1882C45900361475 /* CoreGraphics.framework */,
				384C971D1882C45900361475 /* UIKit.framework */,
				384C97321882C45900361475 /* XCTest.framework */,
			);
			name = Frameworks;
			sourceTree = "<group>";
		};
		384C971F1882C45900361475 /* ToDoList4 */ = {
			isa = PBXGroup;
			children = (
				384C97281882C45900361475 /* GrdAppDelegate.h */,
				384C97291882C45900361475 /* GrdAppDelegate.m */,
				384C972B1882C45900361475 /* Images.xcassets */,
				384C97201882C45900361475 /* Supporting Files */,
			);
			path = ToDoList4;
			sourceTree = "<group>";
		};
		384C97201882C45900361475 /* Supporting Files */ = {
			isa = PBXGroup;
			children = (
				384C97211882C45900361475 /* ToDoList4-Info.plist */,
				384C97221882C45900361475 /* InfoPlist.strings */,
				384C97251882C45900361475 /* main.m */,
				384C97271882C45900361475 /* ToDoList4-Prefix.pch */,
			);
			name = "Supporting Files";
			sourceTree = "<group>";
		};
		384C97381882C45900361475 /* ToDoList4Tests */ = {
			isa = PBXGroup;
			children = (
				384C973E1882C45900361475 /* ToDoList4Tests.m */,
				384C97391882C45900361475 /* Supporting Files */,
			);
			path = ToDoList4Tests;
			sourceTree = "<group>";
		};
		384C97391882C45900361475 /* Supporting Files */ = {
			isa = PBXGroup;
			children = (
				384C973A1882C45900361475 /* ToDoList4Tests-Info.plist */,
				384C973B1882C45900361475 /* InfoPlist.strings */,
			);
			name = "Supporting Files";
			sourceTree = "<group>";
		};
/* End PBXGroup section */

/* Begin PBXNativeTarget section */
		384C97151882C45900361475 /* ToDoList4 */ = {
			isa = PBXNativeTarget;
			buildConfigurationList = 384C97421882C45900361475 /* Build configuration list for PBXNativeTarget "ToDoList4" */;
			buildPhases = (
				384C97121882C45900361475 /* Sources */,
				384C97131882C45900361475 /* Frameworks */,
				384C97141882C45900361475 /* Resources */,
			);
			buildRules = (
			);
			dependencies = (
			);
			name = ToDoList4;
			productName = ToDoList4;
			productReference = 384C97161882C45900361475 /* ToDoList4.app */;
			productType = "com.apple.product-type.application";
		};
		384C97301882C45900361475 /* ToDoList4Tests */ = {
			isa = PBXNativeTarget;
			buildConfigurationList = 384C97451882C45900361475 /* Build configuration list for PBXNativeTarget "ToDoList4Tests" */;
			buildPhases = (
				384C972D1882C45900361475 /* Sources */,
				384C972E1882C45900361475 /* Frameworks */,
				384C972F1882C45900361475 /* Resources */,
			);
			buildRules = (
			);
			dependencies = (
				384C97371882C45900361475 /* PBXTargetDependency */,
			);
			name = ToDoList4Tests;
			productName = ToDoList4Tests;
			productReference = 384C97311882C45900361475 /* ToDoList4Tests.xctest */;
			productType = "com.apple.product-type.bundle.unit-test";
		};
/* End PBXNativeTarget section */

/* Begin PBXProject section */
		384C970E1882C45900361475 /* Project object */ = {
			isa = PBXProject;
			attributes = {
				CLASSPREFIX = Grd;
				LastUpgradeCheck = 0500;
				ORGANIZATIONNAME = jiangguimin;
				TargetAttributes = {
					384C97301882C45900361475 = {
						TestTargetID = 384C97151882C45900361475;
					};
				};
			};
			buildConfigurationList = 384C97111882C45900361475 /* Build configuration list for PBXProject "ToDoList4" */;
			compatibilityVersion = "Xcode 3.2";
			developmentRegion = English;
			hasScannedForEncodings = 0;
			knownRegions = (
				en,
			);
			mainGroup = 384C970D1882C45900361475;
			productRefGroup = 384C97171882C45900361475 /* Products */;
			projectDirPath = "";
			projectRoot = "";
			targets = (
				384C97151882C45900361475 /* ToDoList4 */,
				384C97301882C45900361475 /* ToDoList4Tests */,
			);
		};
/* End PBXProject section */

/* Begin PBXResourcesBuildPhase section */
		384C97141882C45900361475 /* Resources */ = {
			isa = PBXResourcesBuildPhase;
			buildActionMask = 2147483647;
			files = (
				384C97491882C4E900361475 /* Main.storyboard in Resources */,
				384C97241882C45900361475 /* InfoPlist.strings in Resources */,
				384C972C1882C45900361475 /* Images.xcassets in Resources */,
			);
			runOnlyForDeploymentPostprocessing = 0;
		};
		384C972F1882C45900361475 /* Resources */ = {
			isa = PBXResourcesBuildPhase;
			buildActionMask = 2147483647;
			files = (
				384C973D1882C45900361475 /* InfoPlist.strings in Resources */,
			);
			runOnlyForDeploymentPostprocessing = 0;
		};
/* End PBXResourcesBuildPhase section */

/* Begin PBXSourcesBuildPhase section */
		384C97121882C45900361475 /* Sources */ = {
			isa = PBXSourcesBuildPhase;
			buildActionMask = 2147483647;
			files = (
				384C972A1882C45900361475 /* GrdAppDelegate.m in Sources */,
				384C97261882C45900361475 /* main.m in Sources */,
				384C974F1882CAA700361475 /* GrdMyToDoListViewController.m in Sources */,
				384C97551882CFF700361475 /* GrdToDoItem.m in Sources */,
				384C97521882CD2D00361475 /* GrdAddToDoItemViewController.m in Sources */,
			);
			runOnlyForDeploymentPostprocessing = 0;
		};
		384C972D1882C45900361475 /* Sources */ = {
			isa = PBXSourcesBuildPhase;
			buildActionMask = 2147483647;
			files = (
				384C973F1882C45900361475 /* ToDoList4Tests.m in Sources */,
			);
			runOnlyForDeploymentPostprocessing = 0;
		};
/* End PBXSourcesBuildPhase section */

/* Begin PBXTargetDependency section */
		384C97371882C45900361475 /* PBXTargetDependency */ = {
			isa = PBXTargetDependency;
			target = 384C97151882C45900361475 /* ToDoList4 */;
			targetProxy = 384C97361882C45900361475 /* PBXContainerItemProxy */;
		};
/* End PBXTargetDependency section */

/* Begin PBXVariantGroup section */
		384C97221882C45900361475 /* InfoPlist.strings */ = {
			isa = PBXVariantGroup;
			children = (
				384C97231882C45900361475 /* en */,
			);
			name = InfoPlist.strings;
			sourceTree = "<group>";
		};
		384C973B1882C45900361475 /* InfoPlist.strings */ = {
			isa = PBXVariantGroup;
			children = (
				384C973C1882C45900361475 /* en */,
			);
			name = InfoPlist.strings;
			sourceTree = "<group>";
		};
/* End PBXVariantGroup section */

/* Begin XCBuildConfiguration section */
		384C97401882C45900361475 /* Debug */ = {
			isa = XCBuildConfiguration;
			buildSettings = {
				ALWAYS_SEARCH_USER_PATHS = NO;
				ARCHS = "$(ARCHS_STANDARD_INCLUDING_64_BIT)";
				CLANG_CXX_LANGUAGE_STANDARD = "gnu++0x";
				CLANG_CXX_LIBRARY = "libc++";
				CLANG_ENABLE_MODULES = YES;
				CLANG_ENABLE_OBJC_ARC = YES;
				CLANG_WARN_BOOL_CONVERSION = YES;
				CLANG_WARN_CONSTANT_CONVERSION = YES;
				CLANG_WARN_DIRECT_OBJC_ISA_USAGE = YES_ERROR;
				CLANG_WARN_EMPTY_BODY = YES;
				CLANG_WARN_ENUM_CONVERSION = YES;
				CLANG_WARN_INT_CONVERSION = YES;
				CLANG_WARN_OBJC_ROOT_CLASS = YES_ERROR;
				CLANG_WARN__DUPLICATE_METHOD_MATCH = YES;
				"CODE_SIGN_IDENTITY[sdk=iphoneos*]" = "iPhone Developer";
				COPY_PHASE_STRIP = NO;
				GCC_C_LANGUAGE_STANDARD = gnu99;
				GCC_DYNAMIC_NO_PIC = NO;
				GCC_OPTIMIZATION_LEVEL = 0;
				GCC_PREPROCESSOR_DEFINITIONS = (
					"DEBUG=1",
					"$(inherited)",
				);
				GCC_SYMBOLS_PRIVATE_EXTERN = NO;
				GCC_WARN_64_TO_32_BIT_CONVERSION = YES;
				GCC_WARN_ABOUT_RETURN_TYPE = YES_ERROR;
				GCC_WARN_UNDECLARED_SELECTOR = YES;
				GCC_WARN_UNINITIALIZED_AUTOS = YES;
				GCC_WARN_UNUSED_FUNCTION = YES;
				GCC_WARN_UNUSED_VARIABLE = YES;
				IPHONEOS_DEPLOYMENT_TARGET = 7.0;
				ONLY_ACTIVE_ARCH = YES;
				SDKROOT = iphoneos;
			};
			name = Debug;
		};
		384C97411882C45900361475 /* Release */ = {
			isa = XCBuildConfiguration;
			buildSettings = {
				ALWAYS_SEARCH_USER_PATHS = NO;
				ARCHS = "$(ARCHS_STANDARD_INCLUDING_64_BIT)";
				CLANG_CXX_LANGUAGE_STANDARD = "gnu++0x";
				CLANG_CXX_LIBRARY = "libc++";
				CLANG_ENABLE_MODULES = YES;
				CLANG_ENABLE_OBJC_ARC = YES;
				CLANG_WARN_BOOL_CONVERSION = YES;
				CLANG_WARN_CONSTANT_CONVERSION = YES;
				CLANG_WARN_DIRECT_OBJC_ISA_USAGE = YES_ERROR;
				CLANG_WARN_EMPTY_BODY = YES;
				CLANG_WARN_ENUM_CONVERSION = YES;
				CLANG_WARN_INT_CONVERSION = YES;
				CLANG_WARN_OBJC_ROOT_CLASS = YES_ERROR;
				CLANG_WARN__DUPLICATE_METHOD_MATCH = YES;
				"CODE_SIGN_IDENTITY[sdk=iphoneos*]" = "iPhone Developer";
				COPY_PHASE_STRIP = YES;
				ENABLE_NS_ASSERTIONS = NO;
				GCC_C_LANGUAGE_STANDARD = gnu99;
				GCC_WARN_64_TO_32_BIT_CONVERSION = YES;
				GCC_WARN_ABOUT_RETURN_TYPE = YES_ERROR;
				GCC_WARN_UNDECLARED_SELECTOR = YES;
				GCC_WARN_UNINITIALIZED_AUTOS = YES;
				GCC_WARN_UNUSED_FUNCTION = YES;
				GCC_WARN_UNUSED_VARIABLE = YES;
				IPHONEOS_DEPLOYMENT_TARGET = 7.0;
				SDKROOT = iphoneos;
				VALIDATE_PRODUCT = YES;
			};
			name = Release;
		};
		384C97431882C45900361475 /* Debug */ = {
			isa = XCBuildConfiguration;
			buildSettings = {
				ASSETCATALOG_COMPILER_APPICON_NAME = AppIcon;
				ASSETCATALOG_COMPILER_LAUNCHIMAGE_NAME = LaunchImage;
				GCC_PRECOMPILE_PREFIX_HEADER = YES;
				GCC_PREFIX_HEADER = "ToDoList4/ToDoList4-Prefix.pch";
				INFOPLIST_FILE = "ToDoList4/ToDoList4-Info.plist";
				IPHONEOS_DEPLOYMENT_TARGET = 7.0;
				PRODUCT_NAME = "$(TARGET_NAME)";
				WRAPPER_EXTENSION = app;
			};
			name = Debug;
		};
		384C97441882C45900361475 /* Release */ = {
			isa = XCBuildConfiguration;
			buildSettings = {
				ASSETCATALOG_COMPILER_APPICON_NAME = AppIcon;
				ASSETCATALOG_COMPILER_LAUNCHIMAGE_NAME = LaunchImage;
				GCC_PRECOMPILE_PREFIX_HEADER = YES;
				GCC_PREFIX_HEADER = "ToDoList4/ToDoList4-Prefix.pch";
				INFOPLIST_FILE = "ToDoList4/ToDoList4-Info.plist";
				IPHONEOS_DEPLOYMENT_TARGET = 7.0;
				PRODUCT_NAME = "$(TARGET_NAME)";
				WRAPPER_EXTENSION = app;
			};
			name = Release;
		};
		384C97461882C45900361475 /* Debug */ = {
			isa = XCBuildConfiguration;
			buildSettings = {
				ARCHS = "$(ARCHS_STANDARD_INCLUDING_64_BIT)";
				BUNDLE_LOADER = "$(BUILT_PRODUCTS_DIR)/ToDoList4.app/ToDoList4";
				FRAMEWORK_SEARCH_PATHS = (
					"$(SDKROOT)/Developer/Library/Frameworks",
					"$(inherited)",
					"$(DEVELOPER_FRAMEWORKS_DIR)",
				);
				GCC_PRECOMPILE_PREFIX_HEADER = YES;
				GCC_PREFIX_HEADER = "ToDoList4/ToDoList4-Prefix.pch";
				GCC_PREPROCESSOR_DEFINITIONS = (
					"DEBUG=1",
					"$(inherited)",
				);
				INFOPLIST_FILE = "ToDoList4Tests/ToDoList4Tests-Info.plist";
				PRODUCT_NAME = "$(TARGET_NAME)";
				TEST_HOST = "$(BUNDLE_LOADER)";
				WRAPPER_EXTENSION = xctest;
			};
			name = Debug;
		};
		384C97471882C45900361475 /* Release */ = {
			isa = XCBuildConfiguration;
			buildSettings = {
				ARCHS = "$(ARCHS_STANDARD_INCLUDING_64_BIT)";
				BUNDLE_LOADER = "$(BUILT_PRODUCTS_DIR)/ToDoList4.app/ToDoList4";
				FRAMEWORK_SEARCH_PATHS = (
					"$(SDKROOT)/Developer/Library/Frameworks",
					"$(inherited)",
					"$(DEVELOPER_FRAMEWORKS_DIR)",
				);
				GCC_PRECOMPILE_PREFIX_HEADER = YES;
				GCC_PREFIX_HEADER = "ToDoList4/ToDoList4-Prefix.pch";
				INFOPLIST_FILE = "ToDoList4Tests/ToDoList4Tests-Info.plist";
				PRODUCT_NAME = "$(TARGET_NAME)";
				TEST_HOST = "$(BUNDLE_LOADER)";
				WRAPPER_EXTENSION = xctest;
			};
			name = Release;
		};
/* End XCBuildConfiguration section */

/* Begin XCConfigurationList section */
		384C97111882C45900361475 /* Build configuration list for PBXProject "ToDoList4" */ = {
			isa = XCConfigurationList;
			buildConfigurations = (
				384C97401882C45900361475 /* Debug */,
				384C97411882C45900361475 /* Release */,
			);
			defaultConfigurationIsVisible = 0;
			defaultConfigurationName = Release;
		};
		384C97421882C45900361475 /* Build configuration list for PBXNativeTarget "ToDoList4" */ = {
			isa = XCConfigurationList;
			buildConfigurations = (
				384C97431882C45900361475 /* Debug */,
				384C97441882C45900361475 /* Release */,
			);
			defaultConfigurationIsVisible = 0;
		};
		384C97451882C45900361475 /* Build configuration list for PBXNativeTarget "ToDoList4Tests" */ = {
			isa = XCConfigurationList;
			buildConfigurations = (
				384C97461882C45900361475 /* Debug */,
				384C97471882C45900361475 /* Release */,
			);
			defaultConfigurationIsVisible = 0;
		};
/* End XCConfigurationList section */
	};
	rootObject = 384C970E1882C45900361475 /* Project object */;
}
