// !$*UTF8*$!
{
	archiveVersion = 1;
	classes = {
	};
	objectVersion = 46;
	objects = {

/* Begin PBXBuildFile section */
		3874776018BA3CDA004A44DE /* Foundation.framework in Frameworks */ = {isa = PBXBuildFile; fileRef = 3874775F18BA3CDA004A44DE /* Foundation.framework */; };
		3874776218BA3CDA004A44DE /* CoreGraphics.framework in Frameworks */ = {isa = PBXBuildFile; fileRef = 3874776118BA3CDA004A44DE /* CoreGraphics.framework */; };
		3874776418BA3CDA004A44DE /* UIKit.framework in Frameworks */ = {isa = PBXBuildFile; fileRef = 3874776318BA3CDA004A44DE /* UIKit.framework */; };
		3874776A18BA3CDA004A44DE /* InfoPlist.strings in Resources */ = {isa = PBXBuildFile; fileRef = 3874776818BA3CDA004A44DE /* InfoPlist.strings */; };
		3874776C18BA3CDA004A44DE /* main.m in Sources */ = {isa = PBXBuildFile; fileRef = 3874776B18BA3CDA004A44DE /* main.m */; };
		3874777018BA3CDA004A44DE /* GrdAppDelegate.m in Sources */ = {isa = PBXBuildFile; fileRef = 3874776F18BA3CDA004A44DE /* GrdAppDelegate.m */; };
		3874777218BA3CDB004A44DE /* Images.xcassets in Resources */ = {isa = PBXBuildFile; fileRef = 3874777118BA3CDB004A44DE /* Images.xcassets */; };
		3874777918BA3CDB004A44DE /* XCTest.framework in Frameworks */ = {isa = PBXBuildFile; fileRef = 3874777818BA3CDB004A44DE /* XCTest.framework */; };
		3874777A18BA3CDB004A44DE /* Foundation.framework in Frameworks */ = {isa = PBXBuildFile; fileRef = 3874775F18BA3CDA004A44DE /* Foundation.framework */; };
		3874777B18BA3CDB004A44DE /* UIKit.framework in Frameworks */ = {isa = PBXBuildFile; fileRef = 3874776318BA3CDA004A44DE /* UIKit.framework */; };
		3874778318BA3CDB004A44DE /* InfoPlist.strings in Resources */ = {isa = PBXBuildFile; fileRef = 3874778118BA3CDB004A44DE /* InfoPlist.strings */; };
		3874778518BA3CDB004A44DE /* ToDoList07Tests.m in Sources */ = {isa = PBXBuildFile; fileRef = 3874778418BA3CDB004A44DE /* ToDoList07Tests.m */; };
		3874778F18BA3CFB004A44DE /* Main.storyboard in Resources */ = {isa = PBXBuildFile; fileRef = 3874778E18BA3CFB004A44DE /* Main.storyboard */; };
		3874779218BA3FE8004A44DE /* GrdMyToDoListViewController.m in Sources */ = {isa = PBXBuildFile; fileRef = 3874779118BA3FE8004A44DE /* GrdMyToDoListViewController.m */; };
		3874779518BA4290004A44DE /* GrdToDoItem.m in Sources */ = {isa = PBXBuildFile; fileRef = 3874779418BA4290004A44DE /* GrdToDoItem.m */; };
		3874779818BA4535004A44DE /* GrdAddToDoItemViewController.m in Sources */ = {isa = PBXBuildFile; fileRef = 3874779718BA4535004A44DE /* GrdAddToDoItemViewController.m */; };
/* End PBXBuildFile section */

/* Begin PBXContainerItemProxy section */
		3874777C18BA3CDB004A44DE /* PBXContainerItemProxy */ = {
			isa = PBXContainerItemProxy;
			containerPortal = 3874775418BA3CDA004A44DE /* Project object */;
			proxyType = 1;
			remoteGlobalIDString = 3874775B18BA3CDA004A44DE;
			remoteInfo = ToDoList07;
		};
/* End PBXContainerItemProxy section */

/* Begin PBXFileReference section */
		3874775C18BA3CDA004A44DE /* ToDoList07.app */ = {isa = PBXFileReference; explicitFileType = wrapper.application; includeInIndex = 0; path = ToDoList07.app; sourceTree = BUILT_PRODUCTS_DIR; };
		3874775F18BA3CDA004A44DE /* Foundation.framework */ = {isa = PBXFileReference; lastKnownFileType = wrapper.framework; name = Foundation.framework; path = System/Library/Frameworks/Foundation.framework; sourceTree = SDKROOT; };
		3874776118BA3CDA004A44DE /* CoreGraphics.framework */ = {isa = PBXFileReference; lastKnownFileType = wrapper.framework; name = CoreGraphics.framework; path = System/Library/Frameworks/CoreGraphics.framework; sourceTree = SDKROOT; };
		3874776318BA3CDA004A44DE /* UIKit.framework */ = {isa = PBXFileReference; lastKnownFileType = wrapper.framework; name = UIKit.framework; path = System/Library/Frameworks/UIKit.framework; sourceTree = SDKROOT; };
		3874776718BA3CDA004A44DE /* ToDoList07-Info.plist */ = {isa = PBXFileReference; lastKnownFileType = text.plist.xml; path = "ToDoList07-Info.plist"; sourceTree = "<group>"; };
		3874776918BA3CDA004A44DE /* en */ = {isa = PBXFileReference; lastKnownFileType = text.plist.strings; name = en; path = en.lproj/InfoPlist.strings; sourceTree = "<group>"; };
		3874776B18BA3CDA004A44DE /* main.m */ = {isa = PBXFileReference; lastKnownFileType = sourcecode.c.objc; path = main.m; sourceTree = "<group>"; };
		3874776D18BA3CDA004A44DE /* ToDoList07-Prefix.pch */ = {isa = PBXFileReference; lastKnownFileType = sourcecode.c.h; path = "ToDoList07-Prefix.pch"; sourceTree = "<group>"; };
		3874776E18BA3CDA004A44DE /* GrdAppDelegate.h */ = {isa = PBXFileReference; lastKnownFileType = sourcecode.c.h; path = GrdAppDelegate.h; sourceTree = "<group>"; };
		3874776F18BA3CDA004A44DE /* GrdAppDelegate.m */ = {isa = PBXFileReference; lastKnownFileType = sourcecode.c.objc; path = GrdAppDelegate.m; sourceTree = "<group>"; };
		3874777118BA3CDB004A44DE /* Images.xcassets */ = {isa = PBXFileReference; lastKnownFileType = folder.assetcatalog; path = Images.xcassets; sourceTree = "<group>"; };
		3874777718BA3CDB004A44DE /* ToDoList07Tests.xctest */ = {isa = PBXFileReference; explicitFileType = wrapper.cfbundle; includeInIndex = 0; path = ToDoList07Tests.xctest; sourceTree = BUILT_PRODUCTS_DIR; };
		3874777818BA3CDB004A44DE /* XCTest.framework */ = {isa = PBXFileReference; lastKnownFileType = wrapper.framework; name = XCTest.framework; path = Library/Frameworks/XCTest.framework; sourceTree = DEVELOPER_DIR; };
		3874778018BA3CDB004A44DE /* ToDoList07Tests-Info.plist */ = {isa = PBXFileReference; lastKnownFileType = text.plist.xml; path = "ToDoList07Tests-Info.plist"; sourceTree = "<group>"; };
		3874778218BA3CDB004A44DE /* en */ = {isa = PBXFileReference; lastKnownFileType = text.plist.strings; name = en; path = en.lproj/InfoPlist.strings; sourceTree = "<group>"; };
		3874778418BA3CDB004A44DE /* ToDoList07Tests.m */ = {isa = PBXFileReference; lastKnownFileType = sourcecode.c.objc; path = ToDoList07Tests.m; sourceTree = "<group>"; };
		3874778E18BA3CFB004A44DE /* Main.storyboard */ = {isa = PBXFileReference; fileEncoding = 4; lastKnownFileType = file.storyboard; path = Main.storyboard; sourceTree = "<group>"; };
		3874779018BA3FE8004A44DE /* GrdMyToDoListViewController.h */ = {isa = PBXFileReference; fileEncoding = 4; lastKnownFileType = sourcecode.c.h; path = GrdMyToDoListViewController.h; sourceTree = "<group>"; };
		3874779118BA3FE8004A44DE /* GrdMyToDoListViewController.m */ = {isa = PBXFileReference; fileEncoding = 4; lastKnownFileType = sourcecode.c.objc; path = GrdMyToDoListViewController.m; sourceTree = "<group>"; };
		3874779318BA4290004A44DE /* GrdToDoItem.h */ = {isa = PBXFileReference; fileEncoding = 4; lastKnownFileType = sourcecode.c.h; path = GrdToDoItem.h; sourceTree = "<group>"; };
		3874779418BA4290004A44DE /* GrdToDoItem.m */ = {isa = PBXFileReference; fileEncoding = 4; lastKnownFileType = sourcecode.c.objc; path = GrdToDoItem.m; sourceTree = "<group>"; };
		3874779618BA4535004A44DE /* GrdAddToDoItemViewController.h */ = {isa = PBXFileReference; fileEncoding = 4; lastKnownFileType = sourcecode.c.h; path = GrdAddToDoItemViewController.h; sourceTree = "<group>"; };
		3874779718BA4535004A44DE /* GrdAddToDoItemViewController.m */ = {isa = PBXFileReference; fileEncoding = 4; lastKnownFileType = sourcecode.c.objc; path = GrdAddToDoItemViewController.m; sourceTree = "<group>"; };
/* End PBXFileReference section */

/* Begin PBXFrameworksBuildPhase section */
		3874775918BA3CDA004A44DE /* Frameworks */ = {
			isa = PBXFrameworksBuildPhase;
			buildActionMask = 2147483647;
			files = (
				3874776218BA3CDA004A44DE /* CoreGraphics.framework in Frameworks */,
				3874776418BA3CDA004A44DE /* UIKit.framework in Frameworks */,
				3874776018BA3CDA004A44DE /* Foundation.framework in Frameworks */,
			);
			runOnlyForDeploymentPostprocessing = 0;
		};
		3874777418BA3CDB004A44DE /* Frameworks */ = {
			isa = PBXFrameworksBuildPhase;
			buildActionMask = 2147483647;
			files = (
				3874777918BA3CDB004A44DE /* XCTest.framework in Frameworks */,
				3874777B18BA3CDB004A44DE /* UIKit.framework in Frameworks */,
				3874777A18BA3CDB004A44DE /* Foundation.framework in Frameworks */,
			);
			runOnlyForDeploymentPostprocessing = 0;
		};
/* End PBXFrameworksBuildPhase section */

/* Begin PBXGroup section */
		3874775318BA3CDA004A44DE = {
			isa = PBXGroup;
			children = (
				3874778E18BA3CFB004A44DE /* Main.storyboard */,
				3874776518BA3CDA004A44DE /* ToDoList07 */,
				3874777E18BA3CDB004A44DE /* ToDoList07Tests */,
				3874775E18BA3CDA004A44DE /* Frameworks */,
				3874775D18BA3CDA004A44DE /* Products */,
			);
			sourceTree = "<group>";
		};
		3874775D18BA3CDA004A44DE /* Products */ = {
			isa = PBXGroup;
			children = (
				3874775C18BA3CDA004A44DE /* ToDoList07.app */,
				3874777718BA3CDB004A44DE /* ToDoList07Tests.xctest */,
			);
			name = Products;
			sourceTree = "<group>";
		};
		3874775E18BA3CDA004A44DE /* Frameworks */ = {
			isa = PBXGroup;
			children = (
				3874775F18BA3CDA004A44DE /* Foundation.framework */,
				3874776118BA3CDA004A44DE /* CoreGraphics.framework */,
				3874776318BA3CDA004A44DE /* UIKit.framework */,
				3874777818BA3CDB004A44DE /* XCTest.framework */,
			);
			name = Frameworks;
			sourceTree = "<group>";
		};
		3874776518BA3CDA004A44DE /* ToDoList07 */ = {
			isa = PBXGroup;
			children = (
				3874776E18BA3CDA004A44DE /* GrdAppDelegate.h */,
				3874776F18BA3CDA004A44DE /* GrdAppDelegate.m */,
				3874777118BA3CDB004A44DE /* Images.xcassets */,
				3874776618BA3CDA004A44DE /* Supporting Files */,
				3874779018BA3FE8004A44DE /* GrdMyToDoListViewController.h */,
				3874779118BA3FE8004A44DE /* GrdMyToDoListViewController.m */,
				3874779318BA4290004A44DE /* GrdToDoItem.h */,
				3874779418BA4290004A44DE /* GrdToDoItem.m */,
				3874779618BA4535004A44DE /* GrdAddToDoItemViewController.h */,
				3874779718BA4535004A44DE /* GrdAddToDoItemViewController.m */,
			);
			path = ToDoList07;
			sourceTree = "<group>";
		};
		3874776618BA3CDA004A44DE /* Supporting Files */ = {
			isa = PBXGroup;
			children = (
				3874776718BA3CDA004A44DE /* ToDoList07-Info.plist */,
				3874776818BA3CDA004A44DE /* InfoPlist.strings */,
				3874776B18BA3CDA004A44DE /* main.m */,
				3874776D18BA3CDA004A44DE /* ToDoList07-Prefix.pch */,
			);
			name = "Supporting Files";
			sourceTree = "<group>";
		};
		3874777E18BA3CDB004A44DE /* ToDoList07Tests */ = {
			isa = PBXGroup;
			children = (
				3874778418BA3CDB004A44DE /* ToDoList07Tests.m */,
				3874777F18BA3CDB004A44DE /* Supporting Files */,
			);
			path = ToDoList07Tests;
			sourceTree = "<group>";
		};
		3874777F18BA3CDB004A44DE /* Supporting Files */ = {
			isa = PBXGroup;
			children = (
				3874778018BA3CDB004A44DE /* ToDoList07Tests-Info.plist */,
				3874778118BA3CDB004A44DE /* InfoPlist.strings */,
			);
			name = "Supporting Files";
			sourceTree = "<group>";
		};
/* End PBXGroup section */

/* Begin PBXNativeTarget section */
		3874775B18BA3CDA004A44DE /* ToDoList07 */ = {
			isa = PBXNativeTarget;
			buildConfigurationList = 3874778818BA3CDB004A44DE /* Build configuration list for PBXNativeTarget "ToDoList07" */;
			buildPhases = (
				3874775818BA3CDA004A44DE /* Sources */,
				3874775918BA3CDA004A44DE /* Frameworks */,
				3874775A18BA3CDA004A44DE /* Resources */,
			);
			buildRules = (
			);
			dependencies = (
			);
			name = ToDoList07;
			productName = ToDoList07;
			productReference = 3874775C18BA3CDA004A44DE /* ToDoList07.app */;
			productType = "com.apple.product-type.application";
		};
		3874777618BA3CDB004A44DE /* ToDoList07Tests */ = {
			isa = PBXNativeTarget;
			buildConfigurationList = 3874778B18BA3CDB004A44DE /* Build configuration list for PBXNativeTarget "ToDoList07Tests" */;
			buildPhases = (
				3874777318BA3CDB004A44DE /* Sources */,
				3874777418BA3CDB004A44DE /* Frameworks */,
				3874777518BA3CDB004A44DE /* Resources */,
			);
			buildRules = (
			);
			dependencies = (
				3874777D18BA3CDB004A44DE /* PBXTargetDependency */,
			);
			name = ToDoList07Tests;
			productName = ToDoList07Tests;
			productReference = 3874777718BA3CDB004A44DE /* ToDoList07Tests.xctest */;
			productType = "com.apple.product-type.bundle.unit-test";
		};
/* End PBXNativeTarget section */

/* Begin PBXProject section */
		3874775418BA3CDA004A44DE /* Project object */ = {
			isa = PBXProject;
			attributes = {
				CLASSPREFIX = Grd;
				LastUpgradeCheck = 0500;
				ORGANIZATIONNAME = ground;
				TargetAttributes = {
					3874777618BA3CDB004A44DE = {
						TestTargetID = 3874775B18BA3CDA004A44DE;
					};
				};
			};
			buildConfigurationList = 3874775718BA3CDA004A44DE /* Build configuration list for PBXProject "ToDoList07" */;
			compatibilityVersion = "Xcode 3.2";
			developmentRegion = English;
			hasScannedForEncodings = 0;
			knownRegions = (
				en,
			);
			mainGroup = 3874775318BA3CDA004A44DE;
			productRefGroup = 3874775D18BA3CDA004A44DE /* Products */;
			projectDirPath = "";
			projectRoot = "";
			targets = (
				3874775B18BA3CDA004A44DE /* ToDoList07 */,
				3874777618BA3CDB004A44DE /* ToDoList07Tests */,
			);
		};
/* End PBXProject section */

/* Begin PBXResourcesBuildPhase section */
		3874775A18BA3CDA004A44DE /* Resources */ = {
			isa = PBXResourcesBuildPhase;
			buildActionMask = 2147483647;
			files = (
				3874778F18BA3CFB004A44DE /* Main.storyboard in Resources */,
				3874776A18BA3CDA004A44DE /* InfoPlist.strings in Resources */,
				3874777218BA3CDB004A44DE /* Images.xcassets in Resources */,
			);
			runOnlyForDeploymentPostprocessing = 0;
		};
		3874777518BA3CDB004A44DE /* Resources */ = {
			isa = PBXResourcesBuildPhase;
			buildActionMask = 2147483647;
			files = (
				3874778318BA3CDB004A44DE /* InfoPlist.strings in Resources */,
			);
			runOnlyForDeploymentPostprocessing = 0;
		};
/* End PBXResourcesBuildPhase section */

/* Begin PBXSourcesBuildPhase section */
		3874775818BA3CDA004A44DE /* Sources */ = {
			isa = PBXSourcesBuildPhase;
			buildActionMask = 2147483647;
			files = (
				3874777018BA3CDA004A44DE /* GrdAppDelegate.m in Sources */,
				3874776C18BA3CDA004A44DE /* main.m in Sources */,
				3874779518BA4290004A44DE /* GrdToDoItem.m in Sources */,
				3874779218BA3FE8004A44DE /* GrdMyToDoListViewController.m in Sources */,
				3874779818BA4535004A44DE /* GrdAddToDoItemViewController.m in Sources */,
			);
			runOnlyForDeploymentPostprocessing = 0;
		};
		3874777318BA3CDB004A44DE /* Sources */ = {
			isa = PBXSourcesBuildPhase;
			buildActionMask = 2147483647;
			files = (
				3874778518BA3CDB004A44DE /* ToDoList07Tests.m in Sources */,
			);
			runOnlyForDeploymentPostprocessing = 0;
		};
/* End PBXSourcesBuildPhase section */

/* Begin PBXTargetDependency section */
		3874777D18BA3CDB004A44DE /* PBXTargetDependency */ = {
			isa = PBXTargetDependency;
			target = 3874775B18BA3CDA004A44DE /* ToDoList07 */;
			targetProxy = 3874777C18BA3CDB004A44DE /* PBXContainerItemProxy */;
		};
/* End PBXTargetDependency section */

/* Begin PBXVariantGroup section */
		3874776818BA3CDA004A44DE /* InfoPlist.strings */ = {
			isa = PBXVariantGroup;
			children = (
				3874776918BA3CDA004A44DE /* en */,
			);
			name = InfoPlist.strings;
			sourceTree = "<group>";
		};
		3874778118BA3CDB004A44DE /* InfoPlist.strings */ = {
			isa = PBXVariantGroup;
			children = (
				3874778218BA3CDB004A44DE /* en */,
			);
			name = InfoPlist.strings;
			sourceTree = "<group>";
		};
/* End PBXVariantGroup section */

/* Begin XCBuildConfiguration section */
		3874778618BA3CDB004A44DE /* Debug */ = {
			isa = XCBuildConfiguration;
			buildSettings = {
				ALWAYS_SEARCH_USER_PATHS = NO;
				ARCHS = "$(ARCHS_STANDARD_INCLUDING_64_BIT)";
				CLANG_CXX_LANGUAGE_STANDARD = "gnu++0x";
				CLANG_CXX_LIBRARY = "libc++";
				CLANG_ENABLE_MODULES = YES;
				CLANG_ENABLE_OBJC_ARC = YES;
				CLANG_WARN_BOOL_CONVERSION = YES;
				CLANG_WARN_CONSTANT_CONVERSION = YES;
				CLANG_WARN_DIRECT_OBJC_ISA_USAGE = YES_ERROR;
				CLANG_WARN_EMPTY_BODY = YES;
				CLANG_WARN_ENUM_CONVERSION = YES;
				CLANG_WARN_INT_CONVERSION = YES;
				CLANG_WARN_OBJC_ROOT_CLASS = YES_ERROR;
				CLANG_WARN__DUPLICATE_METHOD_MATCH = YES;
				"CODE_SIGN_IDENTITY[sdk=iphoneos*]" = "iPhone Developer";
				COPY_PHASE_STRIP = NO;
				GCC_C_LANGUAGE_STANDARD = gnu99;
				GCC_DYNAMIC_NO_PIC = NO;
				GCC_OPTIMIZATION_LEVEL = 0;
				GCC_PREPROCESSOR_DEFINITIONS = (
					"DEBUG=1",
					"$(inherited)",
				);
				GCC_SYMBOLS_PRIVATE_EXTERN = NO;
				GCC_WARN_64_TO_32_BIT_CONVERSION = YES;
				GCC_WARN_ABOUT_RETURN_TYPE = YES_ERROR;
				GCC_WARN_UNDECLARED_SELECTOR = YES;
				GCC_WARN_UNINITIALIZED_AUTOS = YES;
				GCC_WARN_UNUSED_FUNCTION = YES;
				GCC_WARN_UNUSED_VARIABLE = YES;
				IPHONEOS_DEPLOYMENT_TARGET = 7.0;
				ONLY_ACTIVE_ARCH = YES;
				SDKROOT = iphoneos;
			};
			name = Debug;
		};
		3874778718BA3CDB004A44DE /* Release */ = {
			isa = XCBuildConfiguration;
			buildSettings = {
				ALWAYS_SEARCH_USER_PATHS = NO;
				ARCHS = "$(ARCHS_STANDARD_INCLUDING_64_BIT)";
				CLANG_CXX_LANGUAGE_STANDARD = "gnu++0x";
				CLANG_CXX_LIBRARY = "libc++";
				CLANG_ENABLE_MODULES = YES;
				CLANG_ENABLE_OBJC_ARC = YES;
				CLANG_WARN_BOOL_CONVERSION = YES;
				CLANG_WARN_CONSTANT_CONVERSION = YES;
				CLANG_WARN_DIRECT_OBJC_ISA_USAGE = YES_ERROR;
				CLANG_WARN_EMPTY_BODY = YES;
				CLANG_WARN_ENUM_CONVERSION = YES;
				CLANG_WARN_INT_CONVERSION = YES;
				CLANG_WARN_OBJC_ROOT_CLASS = YES_ERROR;
				CLANG_WARN__DUPLICATE_METHOD_MATCH = YES;
				"CODE_SIGN_IDENTITY[sdk=iphoneos*]" = "iPhone Developer";
				COPY_PHASE_STRIP = YES;
				ENABLE_NS_ASSERTIONS = NO;
				GCC_C_LANGUAGE_STANDARD = gnu99;
				GCC_WARN_64_TO_32_BIT_CONVERSION = YES;
				GCC_WARN_ABOUT_RETURN_TYPE = YES_ERROR;
				GCC_WARN_UNDECLARED_SELECTOR = YES;
				GCC_WARN_UNINITIALIZED_AUTOS = YES;
				GCC_WARN_UNUSED_FUNCTION = YES;
				GCC_WARN_UNUSED_VARIABLE = YES;
				IPHONEOS_DEPLOYMENT_TARGET = 7.0;
				SDKROOT = iphoneos;
				VALIDATE_PRODUCT = YES;
			};
			name = Release;
		};
		3874778918BA3CDB004A44DE /* Debug */ = {
			isa = XCBuildConfiguration;
			buildSettings = {
				ASSETCATALOG_COMPILER_APPICON_NAME = AppIcon;
				ASSETCATALOG_COMPILER_LAUNCHIMAGE_NAME = LaunchImage;
				CODE_SIGN_IDENTITY = "iPhone Developer";
				GCC_PRECOMPILE_PREFIX_HEADER = YES;
				GCC_PREFIX_HEADER = "ToDoList07/ToDoList07-Prefix.pch";
				INFOPLIST_FILE = "ToDoList07/ToDoList07-Info.plist";
				PRODUCT_NAME = "$(TARGET_NAME)";
				TARGETED_DEVICE_FAMILY = 1;
				WRAPPER_EXTENSION = app;
			};
			name = Debug;
		};
		3874778A18BA3CDB004A44DE /* Release */ = {
			isa = XCBuildConfiguration;
			buildSettings = {
				ASSETCATALOG_COMPILER_APPICON_NAME = AppIcon;
				ASSETCATALOG_COMPILER_LAUNCHIMAGE_NAME = LaunchImage;
				CODE_SIGN_IDENTITY = "iPhone Developer";
				GCC_PRECOMPILE_PREFIX_HEADER = YES;
				GCC_PREFIX_HEADER = "ToDoList07/ToDoList07-Prefix.pch";
				INFOPLIST_FILE = "ToDoList07/ToDoList07-Info.plist";
				PRODUCT_NAME = "$(TARGET_NAME)";
				TARGETED_DEVICE_FAMILY = 1;
				WRAPPER_EXTENSION = app;
			};
			name = Release;
		};
		3874778C18BA3CDB004A44DE /* Debug */ = {
			isa = XCBuildConfiguration;
			buildSettings = {
				ARCHS = "$(ARCHS_STANDARD_INCLUDING_64_BIT)";
				BUNDLE_LOADER = "$(BUILT_PRODUCTS_DIR)/ToDoList07.app/ToDoList07";
				FRAMEWORK_SEARCH_PATHS = (
					"$(SDKROOT)/Developer/Library/Frameworks",
					"$(inherited)",
					"$(DEVELOPER_FRAMEWORKS_DIR)",
				);
				GCC_PRECOMPILE_PREFIX_HEADER = YES;
				GCC_PREFIX_HEADER = "ToDoList07/ToDoList07-Prefix.pch";
				GCC_PREPROCESSOR_DEFINITIONS = (
					"DEBUG=1",
					"$(inherited)",
				);
				INFOPLIST_FILE = "ToDoList07Tests/ToDoList07Tests-Info.plist";
				PRODUCT_NAME = "$(TARGET_NAME)";
				TEST_HOST = "$(BUNDLE_LOADER)";
				WRAPPER_EXTENSION = xctest;
			};
			name = Debug;
		};
		3874778D18BA3CDB004A44DE /* Release */ = {
			isa = XCBuildConfiguration;
			buildSettings = {
				ARCHS = "$(ARCHS_STANDARD_INCLUDING_64_BIT)";
				BUNDLE_LOADER = "$(BUILT_PRODUCTS_DIR)/ToDoList07.app/ToDoList07";
				FRAMEWORK_SEARCH_PATHS = (
					"$(SDKROOT)/Developer/Library/Frameworks",
					"$(inherited)",
					"$(DEVELOPER_FRAMEWORKS_DIR)",
				);
				GCC_PRECOMPILE_PREFIX_HEADER = YES;
				GCC_PREFIX_HEADER = "ToDoList07/ToDoList07-Prefix.pch";
				INFOPLIST_FILE = "ToDoList07Tests/ToDoList07Tests-Info.plist";
				PRODUCT_NAME = "$(TARGET_NAME)";
				TEST_HOST = "$(BUNDLE_LOADER)";
				WRAPPER_EXTENSION = xctest;
			};
			name = Release;
		};
/* End XCBuildConfiguration section */

/* Begin XCConfigurationList section */
		3874775718BA3CDA004A44DE /* Build configuration list for PBXProject "ToDoList07" */ = {
			isa = XCConfigurationList;
			buildConfigurations = (
				3874778618BA3CDB004A44DE /* Debug */,
				3874778718BA3CDB004A44DE /* Release */,
			);
			defaultConfigurationIsVisible = 0;
			defaultConfigurationName = Release;
		};
		3874778818BA3CDB004A44DE /* Build configuration list for PBXNativeTarget "ToDoList07" */ = {
			isa = XCConfigurationList;
			buildConfigurations = (
				3874778918BA3CDB004A44DE /* Debug */,
				3874778A18BA3CDB004A44DE /* Release */,
			);
			defaultConfigurationIsVisible = 0;
			defaultConfigurationName = Release;
		};
		3874778B18BA3CDB004A44DE /* Build configuration list for PBXNativeTarget "ToDoList07Tests" */ = {
			isa = XCConfigurationList;
			buildConfigurations = (
				3874778C18BA3CDB004A44DE /* Debug */,
				3874778D18BA3CDB004A44DE /* Release */,
			);
			defaultConfigurationIsVisible = 0;
			defaultConfigurationName = Release;
		};
/* End XCConfigurationList section */
	};
	rootObject = 3874775418BA3CDA004A44DE /* Project object */;
}
